# THIS IS AN AUTOGENERATED FILE. DO NOT EDIT THIS FILE DIRECTLY.
# yarn lockfile v1


"@playwright/test@^1.25.0":
  "integrity" "sha512-j4EZhTTQI3dBeWblE21EV//swwmBtOpIrLdOIJIRv4uqsLdHgBg1z+JtTg+AeC5o2bAXIE26kDNW5A0TimG8Bg=="
  "resolved" "https://registry.npmjs.org/@playwright/test/-/test-1.25.0.tgz"
  "version" "1.25.0"
  dependencies:
    "@types/node" "*"
    "playwright-core" "1.25.0"

"@types/node@*":
  "integrity" "sha512-GKX1Qnqxo4S+Z/+Z8KKPLpH282LD7jLHWJcVryOflnsnH+BtSDfieR6ObwBMwpnNws0bUK8GI7z0unQf9bARNQ=="
  "resolved" "https://registry.npmjs.org/@types/node/-/node-18.7.1.tgz"
  "version" "18.7.1"

"dotenv@^16.0.1":
  "integrity" "sha512-1K6hR6wtk2FviQ4kEiSjFiH5rpzEVi8WW0x96aztHVMhEspNpc4DVOUTEHtEva5VThQ8IaBX1Pe4gSzpVVUsKQ=="
  "resolved" "https://registry.npmjs.org/dotenv/-/dotenv-16.0.1.tgz"
  "version" "16.0.1"

"playwright-core@1.25.0":
  "integrity" "sha512-kZ3Jwaf3wlu0GgU0nB8UMQ+mXFTqBIFz9h1svTlNduNKjnbPXFxw7mJanLVjqxHJRn62uBfmgBj93YHidk2N5Q=="
  "resolved" "https://registry.npmjs.org/playwright-core/-/playwright-core-1.25.0.tgz"
  "version" "1.25.0"
